// !$*UTF8*$!
{
	archiveVersion = 1;
	classes = {
	};
	objectVersion = 46;
	objects = {

/* Begin PBXBuildFile section */
		BB5AAD261BA8A3C20049B4A2 /* AppDelegate.swift in Sources */ = {isa = PBXBuildFile; fileRef = BB5AAD251BA8A3C20049B4A2 /* AppDelegate.swift */; };
		BB5AAD281BA8A3C20049B4A2 /* ViewController.swift in Sources */ = {isa = PBXBuildFile; fileRef = BB5AAD271BA8A3C20049B4A2 /* ViewController.swift */; };
		BB5AAD2B1BA8A3C20049B4A2 /* Main.storyboard in Resources */ = {isa = PBXBuildFile; fileRef = BB5AAD291BA8A3C20049B4A2 /* Main.storyboard */; };
		BB5AAD2D1BA8A3C20049B4A2 /* Images.xcassets in Resources */ = {isa = PBXBuildFile; fileRef = BB5AAD2C1BA8A3C20049B4A2 /* Images.xcassets */; };
		BB5AAD301BA8A3C20049B4A2 /* LaunchScreen.xib in Resources */ = {isa = PBXBuildFile; fileRef = BB5AAD2E1BA8A3C20049B4A2 /* LaunchScreen.xib */; };
		BB5AAD3C1BA8A3C20049B4A2 /* Ad_LibsTests.swift in Sources */ = {isa = PBXBuildFile; fileRef = BB5AAD3B1BA8A3C20049B4A2 /* Ad_LibsTests.swift */; };
		BB5AAD4E1BA8C96B0049B4A2 /* Location Icon.png in Resources */ = {isa = PBXBuildFile; fileRef = BB5AAD461BA8C96B0049B4A2 /* Location Icon.png */; };
		BB5AAD4F1BA8C96B0049B4A2 /* Number Icon.png in Resources */ = {isa = PBXBuildFile; fileRef = BB5AAD471BA8C96B0049B4A2 /* Number Icon.png */; };
		BB5AAD501BA8C96B0049B4A2 /* Phrase Icon.png in Resources */ = {isa = PBXBuildFile; fileRef = BB5AAD481BA8C96B0049B4A2 /* Phrase Icon.png */; };
		BB5AAD511BA8C96B0049B4A2 /* PN Icon.png in Resources */ = {isa = PBXBuildFile; fileRef = BB5AAD491BA8C96B0049B4A2 /* PN Icon.png */; };
		BB5AAD521BA8C96B0049B4A2 /* PV Icon.png in Resources */ = {isa = PBXBuildFile; fileRef = BB5AAD4A1BA8C96B0049B4A2 /* PV Icon.png */; };
		BB5AAD531BA8C96B0049B4A2 /* PV Icon@2x.png in Resources */ = {isa = PBXBuildFile; fileRef = BB5AAD4B1BA8C96B0049B4A2 /* PV Icon@2x.png */; };
		BB5AAD541BA8C96B0049B4A2 /* PV Icon@3x.png in Resources */ = {isa = PBXBuildFile; fileRef = BB5AAD4C1BA8C96B0049B4A2 /* PV Icon@3x.png */; };
		BB5AAD551BA8C96B0049B4A2 /* SN Icon.png in Resources */ = {isa = PBXBuildFile; fileRef = BB5AAD4D1BA8C96B0049B4A2 /* SN Icon.png */; };
/* End PBXBuildFile section */

/* Begin PBXContainerItemProxy section */
		BB5AAD361BA8A3C20049B4A2 /* PBXContainerItemProxy */ = {
			isa = PBXContainerItemProxy;
			containerPortal = BB5AAD181BA8A3C20049B4A2 /* Project object */;
			proxyType = 1;
			remoteGlobalIDString = BB5AAD1F1BA8A3C20049B4A2;
			remoteInfo = "Ad Libs";
		};
/* End PBXContainerItemProxy section */

/* Begin PBXFileReference section */
		BB5AAD201BA8A3C20049B4A2 /* Ad Libs.app */ = {isa = PBXFileReference; explicitFileType = wrapper.application; includeInIndex = 0; path = "Ad Libs.app"; sourceTree = BUILT_PRODUCTS_DIR; };
		BB5AAD241BA8A3C20049B4A2 /* Info.plist */ = {isa = PBXFileReference; lastKnownFileType = text.plist.xml; path = Info.plist; sourceTree = "<group>"; };
		BB5AAD251BA8A3C20049B4A2 /* AppDelegate.swift */ = {isa = PBXFileReference; lastKnownFileType = sourcecode.swift; path = AppDelegate.swift; sourceTree = "<group>"; };
		BB5AAD271BA8A3C20049B4A2 /* ViewController.swift */ = {isa = PBXFileReference; lastKnownFileType = sourcecode.swift; path = ViewController.swift; sourceTree = "<group>"; };
		BB5AAD2A1BA8A3C20049B4A2 /* Base */ = {isa = PBXFileReference; lastKnownFileType = file.storyboard; name = Base; path = Base.lproj/Main.storyboard; sourceTree = "<group>"; };
		BB5AAD2C1BA8A3C20049B4A2 /* Images.xcassets */ = {isa = PBXFileReference; lastKnownFileType = folder.assetcatalog; path = Images.xcassets; sourceTree = "<group>"; };
		BB5AAD2F1BA8A3C20049B4A2 /* Base */ = {isa = PBXFileReference; lastKnownFileType = file.xib; name = Base; path = Base.lproj/LaunchScreen.xib; sourceTree = "<group>"; };
		BB5AAD351BA8A3C20049B4A2 /* Ad LibsTests.xctest */ = {isa = PBXFileReference; explicitFileType = wrapper.cfbundle; includeInIndex = 0; path = "Ad LibsTests.xctest"; sourceTree = BUILT_PRODUCTS_DIR; };
		BB5AAD3A1BA8A3C20049B4A2 /* Info.plist */ = {isa = PBXFileReference; lastKnownFileType = text.plist.xml; path = Info.plist; sourceTree = "<group>"; };
		BB5AAD3B1BA8A3C20049B4A2 /* Ad_LibsTests.swift */ = {isa = PBXFileReference; lastKnownFileType = sourcecode.swift; path = Ad_LibsTests.swift; sourceTree = "<group>"; };
		BB5AAD461BA8C96B0049B4A2 /* Location Icon.png */ = {isa = PBXFileReference; lastKnownFileType = image.png; path = "Location Icon.png"; sourceTree = "<group>"; };
		BB5AAD471BA8C96B0049B4A2 /* Number Icon.png */ = {isa = PBXFileReference; lastKnownFileType = image.png; path = "Number Icon.png"; sourceTree = "<group>"; };
		BB5AAD481BA8C96B0049B4A2 /* Phrase Icon.png */ = {isa = PBXFileReference; lastKnownFileType = image.png; path = "Phrase Icon.png"; sourceTree = "<group>"; };
		BB5AAD491BA8C96B0049B4A2 /* PN Icon.png */ = {isa = PBXFileReference; lastKnownFileType = image.png; path = "PN Icon.png"; sourceTree = "<group>"; };
		BB5AAD4A1BA8C96B0049B4A2 /* PV Icon.png */ = {isa = PBXFileReference; lastKnownFileType = image.png; path = "PV Icon.png"; sourceTree = "<group>"; };
		BB5AAD4B1BA8C96B0049B4A2 /* PV Icon@2x.png */ = {isa = PBXFileReference; lastKnownFileType = image.png; path = "PV Icon@2x.png"; sourceTree = "<group>"; };
		BB5AAD4C1BA8C96B0049B4A2 /* PV Icon@3x.png */ = {isa = PBXFileReference; lastKnownFileType = image.png; path = "PV Icon@3x.png"; sourceTree = "<group>"; };
		BB5AAD4D1BA8C96B0049B4A2 /* SN Icon.png */ = {isa = PBXFileReference; lastKnownFileType = image.png; path = "SN Icon.png"; sourceTree = "<group>"; };
/* End PBXFileReference section */

/* Begin PBXFrameworksBuildPhase section */
		BB5AAD1D1BA8A3C20049B4A2 /* Frameworks */ = {
			isa = PBXFrameworksBuildPhase;
			buildActionMask = 2147483647;
			files = (
			);
			runOnlyForDeploymentPostprocessing = 0;
		};
		BB5AAD321BA8A3C20049B4A2 /* Frameworks */ = {
			isa = PBXFrameworksBuildPhase;
			buildActionMask = 2147483647;
			files = (
			);
			runOnlyForDeploymentPostprocessing = 0;
		};
/* End PBXFrameworksBuildPhase section */

/* Begin PBXGroup section */
		BB5AAD171BA8A3C20049B4A2 = {
			isa = PBXGroup;
			children = (
				BB5AAD221BA8A3C20049B4A2 /* Ad Libs */,
				BB5AAD381BA8A3C20049B4A2 /* Ad LibsTests */,
				BB5AAD211BA8A3C20049B4A2 /* Products */,
			);
			sourceTree = "<group>";
		};
		BB5AAD211BA8A3C20049B4A2 /* Products */ = {
			isa = PBXGroup;
			children = (
				BB5AAD201BA8A3C20049B4A2 /* Ad Libs.app */,
				BB5AAD351BA8A3C20049B4A2 /* Ad LibsTests.xctest */,
			);
			name = Products;
			sourceTree = "<group>";
		};
		BB5AAD221BA8A3C20049B4A2 /* Ad Libs */ = {
			isa = PBXGroup;
			children = (
				BB5AAD451BA8C96B0049B4A2 /* Ad Lib Assets */,
				BB5AAD251BA8A3C20049B4A2 /* AppDelegate.swift */,
				BB5AAD271BA8A3C20049B4A2 /* ViewController.swift */,
				BB5AAD291BA8A3C20049B4A2 /* Main.storyboard */,
				BB5AAD2C1BA8A3C20049B4A2 /* Images.xcassets */,
				BB5AAD2E1BA8A3C20049B4A2 /* LaunchScreen.xib */,
				BB5AAD231BA8A3C20049B4A2 /* Supporting Files */,
			);
			path = "Ad Libs";
			sourceTree = "<group>";
		};
		BB5AAD231BA8A3C20049B4A2 /* Supporting Files */ = {
			isa = PBXGroup;
			children = (
				BB5AAD241BA8A3C20049B4A2 /* Info.plist */,
			);
			name = "Supporting Files";
			sourceTree = "<group>";
		};
		BB5AAD381BA8A3C20049B4A2 /* Ad LibsTests */ = {
			isa = PBXGroup;
			children = (
				BB5AAD3B1BA8A3C20049B4A2 /* Ad_LibsTests.swift */,
				BB5AAD391BA8A3C20049B4A2 /* Supporting Files */,
			);
			path = "Ad LibsTests";
			sourceTree = "<group>";
		};
		BB5AAD391BA8A3C20049B4A2 /* Supporting Files */ = {
			isa = PBXGroup;
			children = (
				BB5AAD3A1BA8A3C20049B4A2 /* Info.plist */,
			);
			name = "Supporting Files";
			sourceTree = "<group>";
		};
		BB5AAD451BA8C96B0049B4A2 /* Ad Lib Assets */ = {
			isa = PBXGroup;
			children = (
				BB5AAD461BA8C96B0049B4A2 /* Location Icon.png */,
				BB5AAD471BA8C96B0049B4A2 /* Number Icon.png */,
				BB5AAD481BA8C96B0049B4A2 /* Phrase Icon.png */,
				BB5AAD491BA8C96B0049B4A2 /* PN Icon.png */,
				BB5AAD4A1BA8C96B0049B4A2 /* PV Icon.png */,
				BB5AAD4B1BA8C96B0049B4A2 /* PV Icon@2x.png */,
				BB5AAD4C1BA8C96B0049B4A2 /* PV Icon@3x.png */,
				BB5AAD4D1BA8C96B0049B4A2 /* SN Icon.png */,
			);
			path = "Ad Lib Assets";
			sourceTree = "<group>";
		};
/* End PBXGroup section */

/* Begin PBXNativeTarget section */
		BB5AAD1F1BA8A3C20049B4A2 /* Ad Libs */ = {
			isa = PBXNativeTarget;
			buildConfigurationList = BB5AAD3F1BA8A3C20049B4A2 /* Build configuration list for PBXNativeTarget "Ad Libs" */;
			buildPhases = (
				BB5AAD1C1BA8A3C20049B4A2 /* Sources */,
				BB5AAD1D1BA8A3C20049B4A2 /* Frameworks */,
				BB5AAD1E1BA8A3C20049B4A2 /* Resources */,
			);
			buildRules = (
			);
			dependencies = (
			);
			name = "Ad Libs";
			productName = "Ad Libs";
			productReference = BB5AAD201BA8A3C20049B4A2 /* Ad Libs.app */;
			productType = "com.apple.product-type.application";
		};
		BB5AAD341BA8A3C20049B4A2 /* Ad LibsTests */ = {
			isa = PBXNativeTarget;
			buildConfigurationList = BB5AAD421BA8A3C20049B4A2 /* Build configuration list for PBXNativeTarget "Ad LibsTests" */;
			buildPhases = (
				BB5AAD311BA8A3C20049B4A2 /* Sources */,
				BB5AAD321BA8A3C20049B4A2 /* Frameworks */,
				BB5AAD331BA8A3C20049B4A2 /* Resources */,
			);
			buildRules = (
			);
			dependencies = (
				BB5AAD371BA8A3C20049B4A2 /* PBXTargetDependency */,
			);
			name = "Ad LibsTests";
			productName = "Ad LibsTests";
			productReference = BB5AAD351BA8A3C20049B4A2 /* Ad LibsTests.xctest */;
			productType = "com.apple.product-type.bundle.unit-test";
		};
/* End PBXNativeTarget section */

/* Begin PBXProject section */
		BB5AAD181BA8A3C20049B4A2 /* Project object */ = {
			isa = PBXProject;
			attributes = {
				LastUpgradeCheck = 0640;
				ORGANIZATIONNAME = "Joshua Cox";
				TargetAttributes = {
					BB5AAD1F1BA8A3C20049B4A2 = {
						CreatedOnToolsVersion = 6.4;
					};
					BB5AAD341BA8A3C20049B4A2 = {
						CreatedOnToolsVersion = 6.4;
						TestTargetID = BB5AAD1F1BA8A3C20049B4A2;
					};
				};
			};
			buildConfigurationList = BB5AAD1B1BA8A3C20049B4A2 /* Build configuration list for PBXProject "Ad Libs" */;
			compatibilityVersion = "Xcode 3.2";
			developmentRegion = English;
			hasScannedForEncodings = 0;
			knownRegions = (
				en,
				Base,
			);
			mainGroup = BB5AAD171BA8A3C20049B4A2;
			productRefGroup = BB5AAD211BA8A3C20049B4A2 /* Products */;
			projectDirPath = "";
			projectRoot = "";
			targets = (
				BB5AAD1F1BA8A3C20049B4A2 /* Ad Libs */,
				BB5AAD341BA8A3C20049B4A2 /* Ad LibsTests */,
			);
		};
/* End PBXProject section */

/* Begin PBXResourcesBuildPhase section */
		BB5AAD1E1BA8A3C20049B4A2 /* Resources */ = {
			isa = PBXResourcesBuildPhase;
			buildActionMask = 2147483647;
			files = (
				BB5AAD501BA8C96B0049B4A2 /* Phrase Icon.png in Resources */,
				BB5AAD531BA8C96B0049B4A2 /* PV Icon@2x.png in Resources */,
				BB5AAD2B1BA8A3C20049B4A2 /* Main.storyboard in Resources */,
				BB5AAD551BA8C96B0049B4A2 /* SN Icon.png in Resources */,
				BB5AAD301BA8A3C20049B4A2 /* LaunchScreen.xib in Resources */,
				BB5AAD511BA8C96B0049B4A2 /* PN Icon.png in Resources */,
				BB5AAD541BA8C96B0049B4A2 /* PV Icon@3x.png in Resources */,
				BB5AAD4E1BA8C96B0049B4A2 /* Location Icon.png in Resources */,
				BB5AAD521BA8C96B0049B4A2 /* PV Icon.png in Resources */,
				BB5AAD4F1BA8C96B0049B4A2 /* Number Icon.png in Resources */,
				BB5AAD2D1BA8A3C20049B4A2 /* Images.xcassets in Resources */,
			);
			runOnlyForDeploymentPostprocessing = 0;
		};
		BB5AAD331BA8A3C20049B4A2 /* Resources */ = {
			isa = PBXResourcesBuildPhase;
			buildActionMask = 2147483647;
			files = (
			);
			runOnlyForDeploymentPostprocessing = 0;
		};
/* End PBXResourcesBuildPhase section */

/* Begin PBXSourcesBuildPhase section */
		BB5AAD1C1BA8A3C20049B4A2 /* Sources */ = {
			isa = PBXSourcesBuildPhase;
			buildActionMask = 2147483647;
			files = (
				BB5AAD281BA8A3C20049B4A2 /* ViewController.swift in Sources */,
				BB5AAD261BA8A3C20049B4A2 /* AppDelegate.swift in Sources */,
			);
			runOnlyForDeploymentPostprocessing = 0;
		};
		BB5AAD311BA8A3C20049B4A2 /* Sources */ = {
			isa = PBXSourcesBuildPhase;
			buildActionMask = 2147483647;
			files = (
				BB5AAD3C1BA8A3C20049B4A2 /* Ad_LibsTests.swift in Sources */,
			);
			runOnlyForDeploymentPostprocessing = 0;
		};
/* End PBXSourcesBuildPhase section */

/* Begin PBXTargetDependency section */
		BB5AAD371BA8A3C20049B4A2 /* PBXTargetDependency */ = {
			isa = PBXTargetDependency;
			target = BB5AAD1F1BA8A3C20049B4A2 /* Ad Libs */;
			targetProxy = BB5AAD361BA8A3C20049B4A2 /* PBXContainerItemProxy */;
		};
/* End PBXTargetDependency section */

/* Begin PBXVariantGroup section */
		BB5AAD291BA8A3C20049B4A2 /* Main.storyboard */ = {
			isa = PBXVariantGroup;
			children = (
				BB5AAD2A1BA8A3C20049B4A2 /* Base */,
			);
			name = Main.storyboard;
			sourceTree = "<group>";
		};
		BB5AAD2E1BA8A3C20049B4A2 /* LaunchScreen.xib */ = {
			isa = PBXVariantGroup;
			children = (
				BB5AAD2F1BA8A3C20049B4A2 /* Base */,
			);
			name = LaunchScreen.xib;
			sourceTree = "<group>";
		};
/* End PBXVariantGroup section */

/* Begin XCBuildConfiguration section */
		BB5AAD3D1BA8A3C20049B4A2 /* Debug */ = {
			isa = XCBuildConfiguration;
			buildSettings = {
				ALWAYS_SEARCH_USER_PATHS = NO;
				CLANG_CXX_LANGUAGE_STANDARD = "gnu++0x";
				CLANG_CXX_LIBRARY = "libc++";
				CLANG_ENABLE_MODULES = YES;
				CLANG_ENABLE_OBJC_ARC = YES;
				CLANG_WARN_BOOL_CONVERSION = YES;
				CLANG_WARN_CONSTANT_CONVERSION = YES;
				CLANG_WARN_DIRECT_OBJC_ISA_USAGE = YES_ERROR;
				CLANG_WARN_EMPTY_BODY = YES;
				CLANG_WARN_ENUM_CONVERSION = YES;
				CLANG_WARN_INT_CONVERSION = YES;
				CLANG_WARN_OBJC_ROOT_CLASS = YES_ERROR;
				CLANG_WARN_UNREACHABLE_CODE = YES;
				CLANG_WARN__DUPLICATE_METHOD_MATCH = YES;
				"CODE_SIGN_IDENTITY[sdk=iphoneos*]" = "iPhone Developer";
				COPY_PHASE_STRIP = NO;
				DEBUG_INFORMATION_FORMAT = "dwarf-with-dsym";
				ENABLE_STRICT_OBJC_MSGSEND = YES;
				GCC_C_LANGUAGE_STANDARD = gnu99;
				GCC_DYNAMIC_NO_PIC = NO;
				GCC_NO_COMMON_BLOCKS = YES;
				GCC_OPTIMIZATION_LEVEL = 0;
				GCC_PREPROCESSOR_DEFINITIONS = (
					"DEBUG=1",
					"$(inherited)",
				);
				GCC_SYMBOLS_PRIVATE_EXTERN = NO;
				GCC_WARN_64_TO_32_BIT_CONVERSION = YES;
				GCC_WARN_ABOUT_RETURN_TYPE = YES_ERROR;
				GCC_WARN_UNDECLARED_SELECTOR = YES;
				GCC_WARN_UNINITIALIZED_AUTOS = YES_AGGRESSIVE;
				GCC_WARN_UNUSED_FUNCTION = YES;
				GCC_WARN_UNUSED_VARIABLE = YES;
				IPHONEOS_DEPLOYMENT_TARGET = 8.4;
				MTL_ENABLE_DEBUG_INFO = YES;
				ONLY_ACTIVE_ARCH = YES;
				SDKROOT = iphoneos;
				SWIFT_OPTIMIZATION_LEVEL = "-Onone";
				TARGETED_DEVICE_FAMILY = "1,2";
			};
			name = Debug;
		};
		BB5AAD3E1BA8A3C20049B4A2 /* Release */ = {
			isa = XCBuildConfiguration;
			buildSettings = {
				ALWAYS_SEARCH_USER_PATHS = NO;
				CLANG_CXX_LANGUAGE_STANDARD = "gnu++0x";
				CLANG_CXX_LIBRARY = "libc++";
				CLANG_ENABLE_MODULES = YES;
				CLANG_ENABLE_OBJC_ARC = YES;
				CLANG_WARN_BOOL_CONVERSION = YES;
				CLANG_WARN_CONSTANT_CONVERSION = YES;
				CLANG_WARN_DIRECT_OBJC_ISA_USAGE = YES_ERROR;
				CLANG_WARN_EMPTY_BODY = YES;
				CLANG_WARN_ENUM_CONVERSION = YES;
				CLANG_WARN_INT_CONVERSION = YES;
				CLANG_WARN_OBJC_ROOT_CLASS = YES_ERROR;
				CLANG_WARN_UNREACHABLE_CODE = YES;
				CLANG_WARN__DUPLICATE_METHOD_MATCH = YES;
				"CODE_SIGN_IDENTITY[sdk=iphoneos*]" = "iPhone Developer";
				COPY_PHASE_STRIP = NO;
				DEBUG_INFORMATION_FORMAT = "dwarf-with-dsym";
				ENABLE_NS_ASSERTIONS = NO;
				ENABLE_STRICT_OBJC_MSGSEND = YES;
				GCC_C_LANGUAGE_STANDARD = gnu99;
				GCC_NO_COMMON_BLOCKS = YES;
				GCC_WARN_64_TO_32_BIT_CONVERSION = YES;
				GCC_WARN_ABOUT_RETURN_TYPE = YES_ERROR;
				GCC_WARN_UNDECLARED_SELECTOR = YES;
				GCC_WARN_UNINITIALIZED_AUTOS = YES_AGGRESSIVE;
				GCC_WARN_UNUSED_FUNCTION = YES;
				GCC_WARN_UNUSED_VARIABLE = YES;
				IPHONEOS_DEPLOYMENT_TARGET = 8.4;
				MTL_ENABLE_DEBUG_INFO = NO;
				SDKROOT = iphoneos;
				TARGETED_DEVICE_FAMILY = "1,2";
				VALIDATE_PRODUCT = YES;
			};
			name = Release;
		};
		BB5AAD401BA8A3C20049B4A2 /* Debug */ = {
			isa = XCBuildConfiguration;
			buildSettings = {
				ASSETCATALOG_COMPILER_APPICON_NAME = AppIcon;
				INFOPLIST_FILE = "Ad Libs/Info.plist";
				LD_RUNPATH_SEARCH_PATHS = "$(inherited) @executable_path/Frameworks";
				PRODUCT_NAME = "$(TARGET_NAME)";
			};
			name = Debug;
		};
		BB5AAD411BA8A3C20049B4A2 /* Release */ = {
			isa = XCBuildConfiguration;
			buildSettings = {
				ASSETCATALOG_COMPILER_APPICON_NAME = AppIcon;
				INFOPLIST_FILE = "Ad Libs/Info.plist";
				LD_RUNPATH_SEARCH_PATHS = "$(inherited) @executable_path/Frameworks";
				PRODUCT_NAME = "$(TARGET_NAME)";
			};
			name = Release;
		};
		BB5AAD431BA8A3C20049B4A2 /* Debug */ = {
			isa = XCBuildConfiguration;
			buildSettings = {
				BUNDLE_LOADER = "$(TEST_HOST)";
				FRAMEWORK_SEARCH_PATHS = (
					"$(SDKROOT)/Developer/Library/Frameworks",
					"$(inherited)",
				);
				GCC_PREPROCESSOR_DEFINITIONS = (
					"DEBUG=1",
					"$(inherited)",
				);
				INFOPLIST_FILE = "Ad LibsTests/Info.plist";
				LD_RUNPATH_SEARCH_PATHS = "$(inherited) @executable_path/Frameworks @loader_path/Frameworks";
				PRODUCT_NAME = "$(TARGET_NAME)";
				TEST_HOST = "$(BUILT_PRODUCTS_DIR)/Ad Libs.app/Ad Libs";
			};
			name = Debug;
		};
		BB5AAD441BA8A3C20049B4A2 /* Release */ = {
			isa = XCBuildConfiguration;
			buildSettings = {
				BUNDLE_LOADER = "$(TEST_HOST)";
				FRAMEWORK_SEARCH_PATHS = (
					"$(SDKROOT)/Developer/Library/Frameworks",
					"$(inherited)",
				);
				INFOPLIST_FILE = "Ad LibsTests/Info.plist";
				LD_RUNPATH_SEARCH_PATHS = "$(inherited) @executable_path/Frameworks @loader_path/Frameworks";
				PRODUCT_NAME = "$(TARGET_NAME)";
				TEST_HOST = "$(BUILT_PRODUCTS_DIR)/Ad Libs.app/Ad Libs";
			};
			name = Release;
		};
/* End XCBuildConfiguration section */

/* Begin XCConfigurationList section */
		BB5AAD1B1BA8A3C20049B4A2 /* Build configuration list for PBXProject "Ad Libs" */ = {
			isa = XCConfigurationList;
			buildConfigurations = (
				BB5AAD3D1BA8A3C20049B4A2 /* Debug */,
				BB5AAD3E1BA8A3C20049B4A2 /* Release */,
			);
			defaultConfigurationIsVisible = 0;
			defaultConfigurationName = Release;
		};
		BB5AAD3F1BA8A3C20049B4A2 /* Build configuration list for PBXNativeTarget "Ad Libs" */ = {
			isa = XCConfigurationList;
			buildConfigurations = (
				BB5AAD401BA8A3C20049B4A2 /* Debug */,
				BB5AAD411BA8A3C20049B4A2 /* Release */,
			);
			defaultConfigurationIsVisible = 0;
		};
		BB5AAD421BA8A3C20049B4A2 /* Build configuration list for PBXNativeTarget "Ad LibsTests" */ = {
			isa = XCConfigurationList;
			buildConfigurations = (
				BB5AAD431BA8A3C20049B4A2 /* Debug */,
				BB5AAD441BA8A3C20049B4A2 /* Release */,
			);
			defaultConfigurationIsVisible = 0;
		};
/* End XCConfigurationList section */
	};
	rootObject = BB5AAD181BA8A3C20049B4A2 /* Project object */;
}
